
Microsoft Visual Studio Solution File, Format Version 12.00
# Visual Studio Version 16
VisualStudioVersion = 16.0.29123.88
MinimumVisualStudioVersion = 10.0.40219.1
Project("{FAE04EC0-301F-11D3-BF4B-00C04F79EFBC}") = "shogy", "shogy\shogy.csproj", "{F9241684-028E-4D79-B86F-35D286F4768E}"
EndProject
Global
	GlobalSection(SolutionConfigurationPlatforms) = preSolution
		Debug|Any CPU = Debug|Any CPU
		Release|Any CPU = Release|Any CPU
	EndGlobalSection
	GlobalSection(ProjectConfigurationPlatforms) = postSolution
		{F9241684-028E-4D79-B86F-35D286F4768E}.Debug|Any CPU.ActiveCfg = Debug|Any CPU
		{F9241684-028E-4D79-B86F-35D286F4768E}.Debug|Any CPU.Build.0 = Debug|Any CPU
		{F9241684-028E-4D79-B86F-35D286F4768E}.Release|Any CPU.ActiveCfg = Release|Any CPU
		{F9241684-028E-4D79-B86F-35D286F4768E}.Release|Any CPU.Build.0 = Release|Any CPU
	EndGlobalSection
	GlobalSection(SolutionProperties) = preSolution
		HideSolutionNode = FALSE
	EndGlobalSection
	GlobalSection(ExtensibilityGlobals) = postSolution
		SolutionGuid = {ABDA2E5B-F17B-4213-9C8C-2DE4A9169C71}
	EndGlobalSection
EndGlobal
